
Microsoft Visual Studio Solution File, Format Version 12.00
# Visual Studio Version 16
VisualStudioVersion = 16.0.32802.440
MinimumVisualStudioVersion = 10.0.40219.1
Project("{9A19103F-16F7-4668-BE54-9A1E7A4F7556}") = "WpfVstupníFormulář", "WpfVstupníFormulář\WpfVstupníFormulář.csproj", "{0A75DC2B-F7A2-4C34-BD1E-A40D2D7F2EF1}"
EndProject
Global
	GlobalSection(SolutionConfigurationPlatforms) = preSolution
		Debug|Any CPU = Debug|Any CPU
		Release|Any CPU = Release|Any CPU
	EndGlobalSection
	GlobalSection(ProjectConfigurationPlatforms) = postSolution
		{0A75DC2B-F7A2-4C34-BD1E-A40D2D7F2EF1}.Debug|Any CPU.ActiveCfg = Debug|Any CPU
		{0A75DC2B-F7A2-4C34-BD1E-A40D2D7F2EF1}.Debug|Any CPU.Build.0 = Debug|Any CPU
		{0A75DC2B-F7A2-4C34-BD1E-A40D2D7F2EF1}.Release|Any CPU.ActiveCfg = Release|Any CPU
		{0A75DC2B-F7A2-4C34-BD1E-A40D2D7F2EF1}.Release|Any CPU.Build.0 = Release|Any CPU
	EndGlobalSection
	GlobalSection(SolutionProperties) = preSolution
		HideSolutionNode = FALSE
	EndGlobalSection
	GlobalSection(ExtensibilityGlobals) = postSolution
		SolutionGuid = {74D3305A-9743-4CE1-B2E1-91FE4D02655A}
	EndGlobalSection
EndGlobal
